
Microsoft Visual Studio Solution File, Format Version 12.00
# Visual Studio 15
VisualStudioVersion = 15.0.28307.1525
MinimumVisualStudioVersion = 10.0.40219.1
Project("{D2ABAB84-BF74-430A-B69E-9DC6D40DDA17}") = "AdventureWorks OLAP", "AdventureWorks OLAP\AdventureWorks OLAP.dwproj", "{5A4E847E-19C3-4678-9985-58C81D2985BC}"
EndProject
Global
	GlobalSection(SolutionConfigurationPlatforms) = preSolution
		Development|Default = Development|Default
	EndGlobalSection
	GlobalSection(ProjectConfigurationPlatforms) = postSolution
		{5A4E847E-19C3-4678-9985-58C81D2985BC}.Development|Default.ActiveCfg = Development
		{5A4E847E-19C3-4678-9985-58C81D2985BC}.Development|Default.Build.0 = Development
		{5A4E847E-19C3-4678-9985-58C81D2985BC}.Development|Default.Deploy.0 = Development
	EndGlobalSection
	GlobalSection(SolutionProperties) = preSolution
		HideSolutionNode = FALSE
	EndGlobalSection
	GlobalSection(ExtensibilityGlobals) = postSolution
		SolutionGuid = {A922BD3A-3ABA-406A-BA81-87B031855273}
	EndGlobalSection
EndGlobal
